
Microsoft Visual Studio Solution File, Format Version 12.00
# Visual Studio 2012
# SharpDevelop 5.1
VisualStudioVersion = 12.0.20827.3
MinimumVisualStudioVersion = 10.0.40219.1
Project("{FAE04EC0-301F-11D3-BF4B-00C04F79EFBC}") = "Project", "Project.csproj", "{AE721CF6-C8FC-460D-866D-0498779F0378}"
EndProject
Global
	GlobalSection(SolutionConfigurationPlatforms) = preSolution
		Debug|Any CPU = Debug|Any CPU
		Release|Any CPU = Release|Any CPU
	EndGlobalSection
	GlobalSection(ProjectConfigurationPlatforms) = postSolution
		{AE721CF6-C8FC-460D-866D-0498779F0378}.Debug|Any CPU.ActiveCfg = Debug|Any CPU
		{AE721CF6-C8FC-460D-866D-0498779F0378}.Debug|Any CPU.Build.0 = Debug|Any CPU
		{AE721CF6-C8FC-460D-866D-0498779F0378}.Release|Any CPU.ActiveCfg = Release|Any CPU
		{AE721CF6-C8FC-460D-866D-0498779F0378}.Release|Any CPU.Build.0 = Release|Any CPU
	EndGlobalSection
EndGlobal
