
Microsoft Visual Studio Solution File, Format Version 12.00
# Visual Studio 2012
Project("{8BC9CEB8-8B4A-11D0-8D11-00A0C91BC942}") = "Project", "Project\Project.vcxproj", "{6FC7EBD4-6DAF-491D-B3F5-8AD7C2E9D97D}"
EndProject
Global
	GlobalSection(SolutionConfigurationPlatforms) = preSolution
		Debug|Win32 = Debug|Win32
		Release|Win32 = Release|Win32
	EndGlobalSection
	GlobalSection(ProjectConfigurationPlatforms) = postSolution
		{6FC7EBD4-6DAF-491D-B3F5-8AD7C2E9D97D}.Debug|Win32.ActiveCfg = Debug|Win32
		{6FC7EBD4-6DAF-491D-B3F5-8AD7C2E9D97D}.Debug|Win32.Build.0 = Debug|Win32
		{6FC7EBD4-6DAF-491D-B3F5-8AD7C2E9D97D}.Release|Win32.ActiveCfg = Release|Win32
		{6FC7EBD4-6DAF-491D-B3F5-8AD7C2E9D97D}.Release|Win32.Build.0 = Release|Win32
	EndGlobalSection
	GlobalSection(SolutionProperties) = preSolution
		HideSolutionNode = FALSE
	EndGlobalSection
EndGlobal
