
Microsoft Visual Studio Solution File, Format Version 11.00
# Visual Studio 2010
# SharpDevelop 5.1
Project("{FAE04EC0-301F-11D3-BF4B-00C04F79EFBC}") = "Project", "Project.csproj", "{7C8D0B7F-F20B-45CE-8DF9-A42751868FDB}"
EndProject
Global
	GlobalSection(SolutionConfigurationPlatforms) = preSolution
		Debug|Any CPU = Debug|Any CPU
		Release|Any CPU = Release|Any CPU
	EndGlobalSection
	GlobalSection(ProjectConfigurationPlatforms) = postSolution
		{7C8D0B7F-F20B-45CE-8DF9-A42751868FDB}.Debug|Any CPU.ActiveCfg = Debug|Any CPU
		{7C8D0B7F-F20B-45CE-8DF9-A42751868FDB}.Debug|Any CPU.Build.0 = Debug|Any CPU
		{7C8D0B7F-F20B-45CE-8DF9-A42751868FDB}.Release|Any CPU.ActiveCfg = Release|Any CPU
		{7C8D0B7F-F20B-45CE-8DF9-A42751868FDB}.Release|Any CPU.Build.0 = Release|Any CPU
	EndGlobalSection
EndGlobal
