
Microsoft Visual Studio Solution File, Format Version 12.00
# Visual Studio 15
VisualStudioVersion = 15.0.27130.2027
MinimumVisualStudioVersion = 10.0.40219.1
Project("{8BC9CEB8-8B4A-11D0-8D11-00A0C91BC942}") = "Example", "Example\Example.vcxproj", "{7559694C-8C01-4138-8A5D-246291525AC3}"
EndProject
Global
	GlobalSection(SolutionConfigurationPlatforms) = preSolution
		Debug|x64 = Debug|x64
		Debug|x86 = Debug|x86
		Release|x64 = Release|x64
		Release|x86 = Release|x86
	EndGlobalSection
	GlobalSection(ProjectConfigurationPlatforms) = postSolution
		{7559694C-8C01-4138-8A5D-246291525AC3}.Debug|x64.ActiveCfg = Debug|x64
		{7559694C-8C01-4138-8A5D-246291525AC3}.Debug|x64.Build.0 = Debug|x64
		{7559694C-8C01-4138-8A5D-246291525AC3}.Debug|x86.ActiveCfg = Debug|Win32
		{7559694C-8C01-4138-8A5D-246291525AC3}.Debug|x86.Build.0 = Debug|Win32
		{7559694C-8C01-4138-8A5D-246291525AC3}.Release|x64.ActiveCfg = Release|x64
		{7559694C-8C01-4138-8A5D-246291525AC3}.Release|x64.Build.0 = Release|x64
		{7559694C-8C01-4138-8A5D-246291525AC3}.Release|x86.ActiveCfg = Release|Win32
		{7559694C-8C01-4138-8A5D-246291525AC3}.Release|x86.Build.0 = Release|Win32
	EndGlobalSection
	GlobalSection(SolutionProperties) = preSolution
		HideSolutionNode = FALSE
	EndGlobalSection
	GlobalSection(ExtensibilityGlobals) = postSolution
		SolutionGuid = {76BCCDB7-5E60-4CEC-978A-E4374E6F7E69}
	EndGlobalSection
EndGlobal
