
Microsoft Visual Studio Solution File, Format Version 12.00
# Visual Studio 15
VisualStudioVersion = 15.0.27130.2027
MinimumVisualStudioVersion = 10.0.40219.1
Project("{8BC9CEB8-8B4A-11D0-8D11-00A0C91BC942}") = "Example", "Example\Example.vcxproj", "{A0106DC4-7C14-41DD-8A82-A7B2051B85E9}"
EndProject
Global
	GlobalSection(SolutionConfigurationPlatforms) = preSolution
		Debug|x64 = Debug|x64
		Debug|x86 = Debug|x86
		Release|x64 = Release|x64
		Release|x86 = Release|x86
	EndGlobalSection
	GlobalSection(ProjectConfigurationPlatforms) = postSolution
		{A0106DC4-7C14-41DD-8A82-A7B2051B85E9}.Debug|x64.ActiveCfg = Debug|x64
		{A0106DC4-7C14-41DD-8A82-A7B2051B85E9}.Debug|x64.Build.0 = Debug|x64
		{A0106DC4-7C14-41DD-8A82-A7B2051B85E9}.Debug|x86.ActiveCfg = Debug|Win32
		{A0106DC4-7C14-41DD-8A82-A7B2051B85E9}.Debug|x86.Build.0 = Debug|Win32
		{A0106DC4-7C14-41DD-8A82-A7B2051B85E9}.Release|x64.ActiveCfg = Release|x64
		{A0106DC4-7C14-41DD-8A82-A7B2051B85E9}.Release|x64.Build.0 = Release|x64
		{A0106DC4-7C14-41DD-8A82-A7B2051B85E9}.Release|x86.ActiveCfg = Release|Win32
		{A0106DC4-7C14-41DD-8A82-A7B2051B85E9}.Release|x86.Build.0 = Release|Win32
	EndGlobalSection
	GlobalSection(SolutionProperties) = preSolution
		HideSolutionNode = FALSE
	EndGlobalSection
	GlobalSection(ExtensibilityGlobals) = postSolution
		SolutionGuid = {C50D6623-3739-4A70-863F-2B2348EDFA93}
	EndGlobalSection
EndGlobal
