
Microsoft Visual Studio Solution File, Format Version 11.00
# Visual Studio 2010
# SharpDevelop 5.1
Project("{FAE04EC0-301F-11D3-BF4B-00C04F79EFBC}") = "Project", "Project.csproj", "{EA616345-85B0-47BD-8C09-150C79A95A70}"
EndProject
Global
	GlobalSection(SolutionConfigurationPlatforms) = preSolution
		Debug|Any CPU = Debug|Any CPU
		Release|Any CPU = Release|Any CPU
	EndGlobalSection
	GlobalSection(ProjectConfigurationPlatforms) = postSolution
		{EA616345-85B0-47BD-8C09-150C79A95A70}.Debug|Any CPU.ActiveCfg = Debug|Any CPU
		{EA616345-85B0-47BD-8C09-150C79A95A70}.Debug|Any CPU.Build.0 = Debug|Any CPU
		{EA616345-85B0-47BD-8C09-150C79A95A70}.Release|Any CPU.ActiveCfg = Release|Any CPU
		{EA616345-85B0-47BD-8C09-150C79A95A70}.Release|Any CPU.Build.0 = Release|Any CPU
	EndGlobalSection
EndGlobal
