
Microsoft Visual Studio Solution File, Format Version 11.00
# Visual Studio 2010
# SharpDevelop 5.1
Project("{FAE04EC0-301F-11D3-BF4B-00C04F79EFBC}") = "Project", "Project.csproj", "{C988BA3A-A354-4D42-BC3B-ED7F4402F8BA}"
EndProject
Global
	GlobalSection(SolutionConfigurationPlatforms) = preSolution
		Debug|Any CPU = Debug|Any CPU
		Release|Any CPU = Release|Any CPU
	EndGlobalSection
	GlobalSection(ProjectConfigurationPlatforms) = postSolution
		{C988BA3A-A354-4D42-BC3B-ED7F4402F8BA}.Debug|Any CPU.ActiveCfg = Debug|Any CPU
		{C988BA3A-A354-4D42-BC3B-ED7F4402F8BA}.Debug|Any CPU.Build.0 = Debug|Any CPU
		{C988BA3A-A354-4D42-BC3B-ED7F4402F8BA}.Release|Any CPU.ActiveCfg = Release|Any CPU
		{C988BA3A-A354-4D42-BC3B-ED7F4402F8BA}.Release|Any CPU.Build.0 = Release|Any CPU
	EndGlobalSection
EndGlobal
